{
  "name": "@keepcoding/bin",
  "version": "1.0.11",
  "lockfileVersion": 2,
  "requires": true,
  "packages": {
    "": {
      "name": "@keepcoding/bin",
      "version": "1.0.11",
      "license": "MIT",
      "dependencies": {
        "go-loop": "^1.0.0"
      }
    },
    "node_modules/go-loop": {
      "version": "1.0.0",
      "resolved": "https://registry.npmjs.org/go-loop/-/go-loop-1.0.0.tgz",
      "integrity": "sha512-zV8is7lHMOkJAvQJypKR8Y2aKTSAe8A6y15wse2CUMedQzjEc/UaFbJCnDNDOBjsyLWMZta+/+PBRU+pHKHAFw=="
    }
  },
  "dependencies": {
    "go-loop": {
      "version": "1.0.0",
      "resolved": "https://registry.npmjs.org/go-loop/-/go-loop-1.0.0.tgz",
      "integrity": "sha512-zV8is7lHMOkJAvQJypKR8Y2aKTSAe8A6y15wse2CUMedQzjEc/UaFbJCnDNDOBjsyLWMZta+/+PBRU+pHKHAFw=="
    }
  }
}
